
Microsoft Visual Studio Solution File, Format Version 12.00
# Visual Studio Version 16
VisualStudioVersion = 16.0.30907.101
MinimumVisualStudioVersion = 10.0.40219.1
Project("{FAE04EC0-301F-11D3-BF4B-00C04F79EFBC}") = "OOADChapter1", "OOADChapter1\OOADChapter1.csproj", "{4F33C4AB-ADB9-46B1-9849-AC7F697CDDC7}"
EndProject
Global
	GlobalSection(SolutionConfigurationPlatforms) = preSolution
		Debug|Any CPU = Debug|Any CPU
		Release|Any CPU = Release|Any CPU
	EndGlobalSection
	GlobalSection(ProjectConfigurationPlatforms) = postSolution
		{4F33C4AB-ADB9-46B1-9849-AC7F697CDDC7}.Debug|Any CPU.ActiveCfg = Debug|Any CPU
		{4F33C4AB-ADB9-46B1-9849-AC7F697CDDC7}.Debug|Any CPU.Build.0 = Debug|Any CPU
		{4F33C4AB-ADB9-46B1-9849-AC7F697CDDC7}.Release|Any CPU.ActiveCfg = Release|Any CPU
		{4F33C4AB-ADB9-46B1-9849-AC7F697CDDC7}.Release|Any CPU.Build.0 = Release|Any CPU
	EndGlobalSection
	GlobalSection(SolutionProperties) = preSolution
		HideSolutionNode = FALSE
	EndGlobalSection
	GlobalSection(ExtensibilityGlobals) = postSolution
		SolutionGuid = {1AAF5F0B-9912-4843-990B-780F8E426BF2}
	EndGlobalSection
EndGlobal
