
Microsoft Visual Studio Solution File, Format Version 12.00
# Visual Studio Version 16
VisualStudioVersion = 16.0.30907.101
MinimumVisualStudioVersion = 10.0.40219.1
Project("{FAE04EC0-301F-11D3-BF4B-00C04F79EFBC}") = "Chapter6Excercise", "Chapter6Excercise\Chapter6Excercise.csproj", "{93451A00-1A7B-409E-984A-655A47A5DD0E}"
EndProject
Global
	GlobalSection(SolutionConfigurationPlatforms) = preSolution
		Debug|Any CPU = Debug|Any CPU
		Release|Any CPU = Release|Any CPU
	EndGlobalSection
	GlobalSection(ProjectConfigurationPlatforms) = postSolution
		{93451A00-1A7B-409E-984A-655A47A5DD0E}.Debug|Any CPU.ActiveCfg = Debug|Any CPU
		{93451A00-1A7B-409E-984A-655A47A5DD0E}.Debug|Any CPU.Build.0 = Debug|Any CPU
		{93451A00-1A7B-409E-984A-655A47A5DD0E}.Release|Any CPU.ActiveCfg = Release|Any CPU
		{93451A00-1A7B-409E-984A-655A47A5DD0E}.Release|Any CPU.Build.0 = Release|Any CPU
	EndGlobalSection
	GlobalSection(SolutionProperties) = preSolution
		HideSolutionNode = FALSE
	EndGlobalSection
	GlobalSection(ExtensibilityGlobals) = postSolution
		SolutionGuid = {1D54DA19-392C-4AF7-818C-E3E708E831CD}
	EndGlobalSection
EndGlobal
