
Microsoft Visual Studio Solution File, Format Version 12.00
# Visual Studio Version 16
VisualStudioVersion = 16.0.31005.135
MinimumVisualStudioVersion = 10.0.40219.1
Project("{FAE04EC0-301F-11D3-BF4B-00C04F79EFBC}") = "ObserverPatternDemoApp", "ObserverPatternDemoApp\ObserverPatternDemoApp.csproj", "{8E5EEFA9-2113-435B-8246-EAAB899EA945}"
EndProject
Global
	GlobalSection(SolutionConfigurationPlatforms) = preSolution
		Debug|Any CPU = Debug|Any CPU
		Release|Any CPU = Release|Any CPU
	EndGlobalSection
	GlobalSection(ProjectConfigurationPlatforms) = postSolution
		{8E5EEFA9-2113-435B-8246-EAAB899EA945}.Debug|Any CPU.ActiveCfg = Debug|Any CPU
		{8E5EEFA9-2113-435B-8246-EAAB899EA945}.Debug|Any CPU.Build.0 = Debug|Any CPU
		{8E5EEFA9-2113-435B-8246-EAAB899EA945}.Release|Any CPU.ActiveCfg = Release|Any CPU
		{8E5EEFA9-2113-435B-8246-EAAB899EA945}.Release|Any CPU.Build.0 = Release|Any CPU
	EndGlobalSection
	GlobalSection(SolutionProperties) = preSolution
		HideSolutionNode = FALSE
	EndGlobalSection
	GlobalSection(ExtensibilityGlobals) = postSolution
		SolutionGuid = {11FF3735-0E2E-42B8-BB01-814274B59C05}
	EndGlobalSection
EndGlobal
