
Microsoft Visual Studio Solution File, Format Version 12.00
# Visual Studio Version 16
VisualStudioVersion = 16.0.30907.101
MinimumVisualStudioVersion = 10.0.40219.1
Project("{FAE04EC0-301F-11D3-BF4B-00C04F79EFBC}") = "CompositionAndAggrigationDemoApp", "CompositionAndAggrigationDemoApp\CompositionAndAggrigationDemoApp.csproj", "{408FCB5D-F865-45B0-8897-346601327DE1}"
EndProject
Global
	GlobalSection(SolutionConfigurationPlatforms) = preSolution
		Debug|Any CPU = Debug|Any CPU
		Release|Any CPU = Release|Any CPU
	EndGlobalSection
	GlobalSection(ProjectConfigurationPlatforms) = postSolution
		{408FCB5D-F865-45B0-8897-346601327DE1}.Debug|Any CPU.ActiveCfg = Debug|Any CPU
		{408FCB5D-F865-45B0-8897-346601327DE1}.Debug|Any CPU.Build.0 = Debug|Any CPU
		{408FCB5D-F865-45B0-8897-346601327DE1}.Release|Any CPU.ActiveCfg = Release|Any CPU
		{408FCB5D-F865-45B0-8897-346601327DE1}.Release|Any CPU.Build.0 = Release|Any CPU
	EndGlobalSection
	GlobalSection(SolutionProperties) = preSolution
		HideSolutionNode = FALSE
	EndGlobalSection
	GlobalSection(ExtensibilityGlobals) = postSolution
		SolutionGuid = {0EFD494C-95A0-4298-9472-D3670C738247}
	EndGlobalSection
EndGlobal
