
Microsoft Visual Studio Solution File, Format Version 12.00
# Visual Studio Version 16
VisualStudioVersion = 16.0.30907.101
MinimumVisualStudioVersion = 10.0.40219.1
Project("{FAE04EC0-301F-11D3-BF4B-00C04F79EFBC}") = "PersonApp", "PersonApp\PersonApp.csproj", "{B572305A-23A5-4D18-B313-1865A9C1F1F1}"
EndProject
Project("{FAE04EC0-301F-11D3-BF4B-00C04F79EFBC}") = "Person.Tests", "Person.Tests\Person.Tests.csproj", "{9A9578BA-35B1-4380-AAFF-8A80A41C45BF}"
EndProject
Global
	GlobalSection(SolutionConfigurationPlatforms) = preSolution
		Debug|Any CPU = Debug|Any CPU
		Release|Any CPU = Release|Any CPU
	EndGlobalSection
	GlobalSection(ProjectConfigurationPlatforms) = postSolution
		{B572305A-23A5-4D18-B313-1865A9C1F1F1}.Debug|Any CPU.ActiveCfg = Debug|Any CPU
		{B572305A-23A5-4D18-B313-1865A9C1F1F1}.Debug|Any CPU.Build.0 = Debug|Any CPU
		{B572305A-23A5-4D18-B313-1865A9C1F1F1}.Release|Any CPU.ActiveCfg = Release|Any CPU
		{B572305A-23A5-4D18-B313-1865A9C1F1F1}.Release|Any CPU.Build.0 = Release|Any CPU
		{9A9578BA-35B1-4380-AAFF-8A80A41C45BF}.Debug|Any CPU.ActiveCfg = Debug|Any CPU
		{9A9578BA-35B1-4380-AAFF-8A80A41C45BF}.Debug|Any CPU.Build.0 = Debug|Any CPU
		{9A9578BA-35B1-4380-AAFF-8A80A41C45BF}.Release|Any CPU.ActiveCfg = Release|Any CPU
		{9A9578BA-35B1-4380-AAFF-8A80A41C45BF}.Release|Any CPU.Build.0 = Release|Any CPU
	EndGlobalSection
	GlobalSection(SolutionProperties) = preSolution
		HideSolutionNode = FALSE
	EndGlobalSection
	GlobalSection(ExtensibilityGlobals) = postSolution
		SolutionGuid = {8FCCDF8E-9CD5-410A-B2E9-A05EB78FFD22}
	EndGlobalSection
EndGlobal
