
Microsoft Visual Studio Solution File, Format Version 12.00
# Visual Studio Version 16
VisualStudioVersion = 16.0.31005.135
MinimumVisualStudioVersion = 10.0.40219.1
Project("{FAE04EC0-301F-11D3-BF4B-00C04F79EFBC}") = "AysncProgrammingApproch", "AysncProgrammingApproch.csproj", "{273D389B-623C-41FD-AC3A-C57133BC3D03}"
EndProject
Global
	GlobalSection(SolutionConfigurationPlatforms) = preSolution
		Debug|Any CPU = Debug|Any CPU
		Release|Any CPU = Release|Any CPU
	EndGlobalSection
	GlobalSection(ProjectConfigurationPlatforms) = postSolution
		{273D389B-623C-41FD-AC3A-C57133BC3D03}.Debug|Any CPU.ActiveCfg = Debug|Any CPU
		{273D389B-623C-41FD-AC3A-C57133BC3D03}.Debug|Any CPU.Build.0 = Debug|Any CPU
		{273D389B-623C-41FD-AC3A-C57133BC3D03}.Release|Any CPU.ActiveCfg = Release|Any CPU
		{273D389B-623C-41FD-AC3A-C57133BC3D03}.Release|Any CPU.Build.0 = Release|Any CPU
	EndGlobalSection
	GlobalSection(SolutionProperties) = preSolution
		HideSolutionNode = FALSE
	EndGlobalSection
	GlobalSection(ExtensibilityGlobals) = postSolution
		SolutionGuid = {61E2B0C6-4895-453F-873F-F56D1B3A56D9}
	EndGlobalSection
EndGlobal
