
Microsoft Visual Studio Solution File, Format Version 12.00
# Visual Studio Version 16
VisualStudioVersion = 16.0.31005.135
MinimumVisualStudioVersion = 10.0.40219.1
Project("{FAE04EC0-301F-11D3-BF4B-00C04F79EFBC}") = "CompositePatternHTMLApp", "CompositePatternHTMLApp\CompositePatternHTMLApp.csproj", "{B454EC51-A1B1-4743-A050-C18481F82121}"
EndProject
Global
	GlobalSection(SolutionConfigurationPlatforms) = preSolution
		Debug|Any CPU = Debug|Any CPU
		Release|Any CPU = Release|Any CPU
	EndGlobalSection
	GlobalSection(ProjectConfigurationPlatforms) = postSolution
		{B454EC51-A1B1-4743-A050-C18481F82121}.Debug|Any CPU.ActiveCfg = Debug|Any CPU
		{B454EC51-A1B1-4743-A050-C18481F82121}.Debug|Any CPU.Build.0 = Debug|Any CPU
		{B454EC51-A1B1-4743-A050-C18481F82121}.Release|Any CPU.ActiveCfg = Release|Any CPU
		{B454EC51-A1B1-4743-A050-C18481F82121}.Release|Any CPU.Build.0 = Release|Any CPU
	EndGlobalSection
	GlobalSection(SolutionProperties) = preSolution
		HideSolutionNode = FALSE
	EndGlobalSection
	GlobalSection(ExtensibilityGlobals) = postSolution
		SolutionGuid = {7C81F932-902A-41C3-B55F-D16CA85F72E7}
	EndGlobalSection
EndGlobal
