
Microsoft Visual Studio Solution File, Format Version 12.00
# Visual Studio Version 16
VisualStudioVersion = 16.0.31005.135
MinimumVisualStudioVersion = 10.0.40219.1
Project("{FAE04EC0-301F-11D3-BF4B-00C04F79EFBC}") = "FacadeDesignPatternApp", "FacadeDesignPatternApp.csproj", "{0BDB47AE-FC45-417B-9342-315D7CDF8CA1}"
EndProject
Global
	GlobalSection(SolutionConfigurationPlatforms) = preSolution
		Debug|Any CPU = Debug|Any CPU
		Release|Any CPU = Release|Any CPU
	EndGlobalSection
	GlobalSection(ProjectConfigurationPlatforms) = postSolution
		{0BDB47AE-FC45-417B-9342-315D7CDF8CA1}.Debug|Any CPU.ActiveCfg = Debug|Any CPU
		{0BDB47AE-FC45-417B-9342-315D7CDF8CA1}.Debug|Any CPU.Build.0 = Debug|Any CPU
		{0BDB47AE-FC45-417B-9342-315D7CDF8CA1}.Release|Any CPU.ActiveCfg = Release|Any CPU
		{0BDB47AE-FC45-417B-9342-315D7CDF8CA1}.Release|Any CPU.Build.0 = Release|Any CPU
	EndGlobalSection
	GlobalSection(SolutionProperties) = preSolution
		HideSolutionNode = FALSE
	EndGlobalSection
	GlobalSection(ExtensibilityGlobals) = postSolution
		SolutionGuid = {29B93AF5-8E5D-4A56-A6F3-EEC681C69644}
	EndGlobalSection
EndGlobal
