
Microsoft Visual Studio Solution File, Format Version 12.00
# Visual Studio Version 16
VisualStudioVersion = 16.0.31005.135
MinimumVisualStudioVersion = 10.0.40219.1
Project("{FAE04EC0-301F-11D3-BF4B-00C04F79EFBC}") = "WebStaticApp", "WebStaticApp.csproj", "{FCFBBD67-BA3D-40C9-A5A6-788EBCA288E2}"
EndProject
Global
	GlobalSection(SolutionConfigurationPlatforms) = preSolution
		Debug|Any CPU = Debug|Any CPU
		Release|Any CPU = Release|Any CPU
	EndGlobalSection
	GlobalSection(ProjectConfigurationPlatforms) = postSolution
		{FCFBBD67-BA3D-40C9-A5A6-788EBCA288E2}.Debug|Any CPU.ActiveCfg = Debug|Any CPU
		{FCFBBD67-BA3D-40C9-A5A6-788EBCA288E2}.Debug|Any CPU.Build.0 = Debug|Any CPU
		{FCFBBD67-BA3D-40C9-A5A6-788EBCA288E2}.Release|Any CPU.ActiveCfg = Release|Any CPU
		{FCFBBD67-BA3D-40C9-A5A6-788EBCA288E2}.Release|Any CPU.Build.0 = Release|Any CPU
	EndGlobalSection
	GlobalSection(SolutionProperties) = preSolution
		HideSolutionNode = FALSE
	EndGlobalSection
	GlobalSection(ExtensibilityGlobals) = postSolution
		SolutionGuid = {C54D2ECD-0E9B-4B46-80FF-10E225866685}
	EndGlobalSection
EndGlobal
