
Microsoft Visual Studio Solution File, Format Version 12.00
# Visual Studio Version 16
VisualStudioVersion = 16.0.30907.101
MinimumVisualStudioVersion = 10.0.40219.1
Project("{FAE04EC0-301F-11D3-BF4B-00C04F79EFBC}") = "Chapter1Excercise", "Chapter1Excercise\Chapter1Excercise.csproj", "{6B9B08D1-D82A-4802-9030-8A123F20E475}"
EndProject
Global
	GlobalSection(SolutionConfigurationPlatforms) = preSolution
		Debug|Any CPU = Debug|Any CPU
		Release|Any CPU = Release|Any CPU
	EndGlobalSection
	GlobalSection(ProjectConfigurationPlatforms) = postSolution
		{6B9B08D1-D82A-4802-9030-8A123F20E475}.Debug|Any CPU.ActiveCfg = Debug|Any CPU
		{6B9B08D1-D82A-4802-9030-8A123F20E475}.Debug|Any CPU.Build.0 = Debug|Any CPU
		{6B9B08D1-D82A-4802-9030-8A123F20E475}.Release|Any CPU.ActiveCfg = Release|Any CPU
		{6B9B08D1-D82A-4802-9030-8A123F20E475}.Release|Any CPU.Build.0 = Release|Any CPU
	EndGlobalSection
	GlobalSection(SolutionProperties) = preSolution
		HideSolutionNode = FALSE
	EndGlobalSection
	GlobalSection(ExtensibilityGlobals) = postSolution
		SolutionGuid = {AF3E55D7-7942-42D5-8EB0-D840CAC79A4F}
	EndGlobalSection
EndGlobal
