
Microsoft Visual Studio Solution File, Format Version 12.00
# Visual Studio Version 16
VisualStudioVersion = 16.0.31005.135
MinimumVisualStudioVersion = 10.0.40219.1
Project("{FAE04EC0-301F-11D3-BF4B-00C04F79EFBC}") = "EventEmployeeResignApp", "EventEmployeeResignApp\EventEmployeeResignApp.csproj", "{5F2FBE4E-417E-449A-A130-D6D7EDA3DD0C}"
EndProject
Global
	GlobalSection(SolutionConfigurationPlatforms) = preSolution
		Debug|Any CPU = Debug|Any CPU
		Release|Any CPU = Release|Any CPU
	EndGlobalSection
	GlobalSection(ProjectConfigurationPlatforms) = postSolution
		{5F2FBE4E-417E-449A-A130-D6D7EDA3DD0C}.Debug|Any CPU.ActiveCfg = Debug|Any CPU
		{5F2FBE4E-417E-449A-A130-D6D7EDA3DD0C}.Debug|Any CPU.Build.0 = Debug|Any CPU
		{5F2FBE4E-417E-449A-A130-D6D7EDA3DD0C}.Release|Any CPU.ActiveCfg = Release|Any CPU
		{5F2FBE4E-417E-449A-A130-D6D7EDA3DD0C}.Release|Any CPU.Build.0 = Release|Any CPU
	EndGlobalSection
	GlobalSection(SolutionProperties) = preSolution
		HideSolutionNode = FALSE
	EndGlobalSection
	GlobalSection(ExtensibilityGlobals) = postSolution
		SolutionGuid = {89FD4553-1023-4C8C-83A8-30FF7B868E96}
	EndGlobalSection
EndGlobal
