
Microsoft Visual Studio Solution File, Format Version 12.00
# Visual Studio Version 16
VisualStudioVersion = 16.0.30907.101
MinimumVisualStudioVersion = 10.0.40219.1
Project("{FAE04EC0-301F-11D3-BF4B-00C04F79EFBC}") = "ContactApp", "ContactApp\ContactApp.csproj", "{F7075AC9-5C7F-4B33-A893-56395D3AAF4D}"
EndProject
Global
	GlobalSection(SolutionConfigurationPlatforms) = preSolution
		Debug|Any CPU = Debug|Any CPU
		Release|Any CPU = Release|Any CPU
	EndGlobalSection
	GlobalSection(ProjectConfigurationPlatforms) = postSolution
		{F7075AC9-5C7F-4B33-A893-56395D3AAF4D}.Debug|Any CPU.ActiveCfg = Debug|Any CPU
		{F7075AC9-5C7F-4B33-A893-56395D3AAF4D}.Debug|Any CPU.Build.0 = Debug|Any CPU
		{F7075AC9-5C7F-4B33-A893-56395D3AAF4D}.Release|Any CPU.ActiveCfg = Release|Any CPU
		{F7075AC9-5C7F-4B33-A893-56395D3AAF4D}.Release|Any CPU.Build.0 = Release|Any CPU
	EndGlobalSection
	GlobalSection(SolutionProperties) = preSolution
		HideSolutionNode = FALSE
	EndGlobalSection
	GlobalSection(ExtensibilityGlobals) = postSolution
		SolutionGuid = {00A19E8B-00B5-494E-96DB-1EE1668F5E07}
	EndGlobalSection
EndGlobal
