
Microsoft Visual Studio Solution File, Format Version 12.00
# Visual Studio Version 16
VisualStudioVersion = 16.0.31005.135
MinimumVisualStudioVersion = 10.0.40219.1
Project("{FAE04EC0-301F-11D3-BF4B-00C04F79EFBC}") = "TicTacToeGameApp", "TicTacToeGameApp\TicTacToeGameApp.csproj", "{28734682-E61B-43B1-B921-7F43E506C7F9}"
EndProject
Global
	GlobalSection(SolutionConfigurationPlatforms) = preSolution
		Debug|Any CPU = Debug|Any CPU
		Release|Any CPU = Release|Any CPU
	EndGlobalSection
	GlobalSection(ProjectConfigurationPlatforms) = postSolution
		{28734682-E61B-43B1-B921-7F43E506C7F9}.Debug|Any CPU.ActiveCfg = Debug|Any CPU
		{28734682-E61B-43B1-B921-7F43E506C7F9}.Debug|Any CPU.Build.0 = Debug|Any CPU
		{28734682-E61B-43B1-B921-7F43E506C7F9}.Release|Any CPU.ActiveCfg = Release|Any CPU
		{28734682-E61B-43B1-B921-7F43E506C7F9}.Release|Any CPU.Build.0 = Release|Any CPU
	EndGlobalSection
	GlobalSection(SolutionProperties) = preSolution
		HideSolutionNode = FALSE
	EndGlobalSection
	GlobalSection(ExtensibilityGlobals) = postSolution
		SolutionGuid = {66D3B859-F76B-489E-A0DC-47C668B0A0D8}
	EndGlobalSection
EndGlobal
