
Microsoft Visual Studio Solution File, Format Version 12.00
# Visual Studio Version 16
VisualStudioVersion = 16.0.31005.135
MinimumVisualStudioVersion = 10.0.40219.1
Project("{FAE04EC0-301F-11D3-BF4B-00C04F79EFBC}") = "LINQToCSVApp", "LINQToCSVApp\LINQToCSVApp.csproj", "{4317183E-1C87-4F90-8D2B-9B64F42F8F97}"
EndProject
Global
	GlobalSection(SolutionConfigurationPlatforms) = preSolution
		Debug|Any CPU = Debug|Any CPU
		Release|Any CPU = Release|Any CPU
	EndGlobalSection
	GlobalSection(ProjectConfigurationPlatforms) = postSolution
		{4317183E-1C87-4F90-8D2B-9B64F42F8F97}.Debug|Any CPU.ActiveCfg = Debug|Any CPU
		{4317183E-1C87-4F90-8D2B-9B64F42F8F97}.Debug|Any CPU.Build.0 = Debug|Any CPU
		{4317183E-1C87-4F90-8D2B-9B64F42F8F97}.Release|Any CPU.ActiveCfg = Release|Any CPU
		{4317183E-1C87-4F90-8D2B-9B64F42F8F97}.Release|Any CPU.Build.0 = Release|Any CPU
	EndGlobalSection
	GlobalSection(SolutionProperties) = preSolution
		HideSolutionNode = FALSE
	EndGlobalSection
	GlobalSection(ExtensibilityGlobals) = postSolution
		SolutionGuid = {06D85A98-A525-409F-B4BA-0BFEA0C2A01B}
	EndGlobalSection
EndGlobal
