
Microsoft Visual Studio Solution File, Format Version 12.00
# Visual Studio Version 16
VisualStudioVersion = 16.0.31005.135
MinimumVisualStudioVersion = 10.0.40219.1
Project("{FAE04EC0-301F-11D3-BF4B-00C04F79EFBC}") = "SeesionApp", "SeesionApp\SeesionApp.csproj", "{3405829B-F05B-430E-841E-1751A983B207}"
EndProject
Global
	GlobalSection(SolutionConfigurationPlatforms) = preSolution
		Debug|Any CPU = Debug|Any CPU
		Release|Any CPU = Release|Any CPU
	EndGlobalSection
	GlobalSection(ProjectConfigurationPlatforms) = postSolution
		{3405829B-F05B-430E-841E-1751A983B207}.Debug|Any CPU.ActiveCfg = Debug|Any CPU
		{3405829B-F05B-430E-841E-1751A983B207}.Debug|Any CPU.Build.0 = Debug|Any CPU
		{3405829B-F05B-430E-841E-1751A983B207}.Release|Any CPU.ActiveCfg = Release|Any CPU
		{3405829B-F05B-430E-841E-1751A983B207}.Release|Any CPU.Build.0 = Release|Any CPU
	EndGlobalSection
	GlobalSection(SolutionProperties) = preSolution
		HideSolutionNode = FALSE
	EndGlobalSection
	GlobalSection(ExtensibilityGlobals) = postSolution
		SolutionGuid = {5665DD0F-D97F-4F31-BECE-D11A07358A5F}
	EndGlobalSection
EndGlobal
