
Microsoft Visual Studio Solution File, Format Version 12.00
# Visual Studio Version 16
VisualStudioVersion = 16.0.31005.135
MinimumVisualStudioVersion = 10.0.40219.1
Project("{FAE04EC0-301F-11D3-BF4B-00C04F79EFBC}") = "FluentNHibernetApp", "FluentNHibernetApp\FluentNHibernetApp.csproj", "{22178371-A845-45F6-8CF5-5AB36E651943}"
EndProject
Global
	GlobalSection(SolutionConfigurationPlatforms) = preSolution
		Debug|Any CPU = Debug|Any CPU
		Release|Any CPU = Release|Any CPU
	EndGlobalSection
	GlobalSection(ProjectConfigurationPlatforms) = postSolution
		{22178371-A845-45F6-8CF5-5AB36E651943}.Debug|Any CPU.ActiveCfg = Debug|Any CPU
		{22178371-A845-45F6-8CF5-5AB36E651943}.Debug|Any CPU.Build.0 = Debug|Any CPU
		{22178371-A845-45F6-8CF5-5AB36E651943}.Release|Any CPU.ActiveCfg = Release|Any CPU
		{22178371-A845-45F6-8CF5-5AB36E651943}.Release|Any CPU.Build.0 = Release|Any CPU
	EndGlobalSection
	GlobalSection(SolutionProperties) = preSolution
		HideSolutionNode = FALSE
	EndGlobalSection
	GlobalSection(ExtensibilityGlobals) = postSolution
		SolutionGuid = {E3F03116-0E8A-4122-AD8D-A7BCE5283AB1}
	EndGlobalSection
EndGlobal
