
Microsoft Visual Studio Solution File, Format Version 12.00
# Visual Studio Version 16
VisualStudioVersion = 16.0.31005.135
MinimumVisualStudioVersion = 10.0.40219.1
Project("{FAE04EC0-301F-11D3-BF4B-00C04F79EFBC}") = "ExtensionDemoApp", "ExtensionDemoApp\ExtensionDemoApp.csproj", "{6C80332D-D4D8-45A3-9B03-AE67F0BDA177}"
EndProject
Global
	GlobalSection(SolutionConfigurationPlatforms) = preSolution
		Debug|Any CPU = Debug|Any CPU
		Release|Any CPU = Release|Any CPU
	EndGlobalSection
	GlobalSection(ProjectConfigurationPlatforms) = postSolution
		{6C80332D-D4D8-45A3-9B03-AE67F0BDA177}.Debug|Any CPU.ActiveCfg = Debug|Any CPU
		{6C80332D-D4D8-45A3-9B03-AE67F0BDA177}.Debug|Any CPU.Build.0 = Debug|Any CPU
		{6C80332D-D4D8-45A3-9B03-AE67F0BDA177}.Release|Any CPU.ActiveCfg = Release|Any CPU
		{6C80332D-D4D8-45A3-9B03-AE67F0BDA177}.Release|Any CPU.Build.0 = Release|Any CPU
	EndGlobalSection
	GlobalSection(SolutionProperties) = preSolution
		HideSolutionNode = FALSE
	EndGlobalSection
	GlobalSection(ExtensibilityGlobals) = postSolution
		SolutionGuid = {2EBE6536-11F2-4393-866D-ABD7EBB330D0}
	EndGlobalSection
EndGlobal
