
Microsoft Visual Studio Solution File, Format Version 12.00
# Visual Studio Version 16
VisualStudioVersion = 16.0.31005.135
MinimumVisualStudioVersion = 10.0.40219.1
Project("{FAE04EC0-301F-11D3-BF4B-00C04F79EFBC}") = "BuilderPatternMealApp", "BuilderPatternMealApp\BuilderPatternMealApp.csproj", "{CED285E6-8864-4C34-B266-AD61232DB440}"
EndProject
Global
	GlobalSection(SolutionConfigurationPlatforms) = preSolution
		Debug|Any CPU = Debug|Any CPU
		Release|Any CPU = Release|Any CPU
	EndGlobalSection
	GlobalSection(ProjectConfigurationPlatforms) = postSolution
		{CED285E6-8864-4C34-B266-AD61232DB440}.Debug|Any CPU.ActiveCfg = Debug|Any CPU
		{CED285E6-8864-4C34-B266-AD61232DB440}.Debug|Any CPU.Build.0 = Debug|Any CPU
		{CED285E6-8864-4C34-B266-AD61232DB440}.Release|Any CPU.ActiveCfg = Release|Any CPU
		{CED285E6-8864-4C34-B266-AD61232DB440}.Release|Any CPU.Build.0 = Release|Any CPU
	EndGlobalSection
	GlobalSection(SolutionProperties) = preSolution
		HideSolutionNode = FALSE
	EndGlobalSection
	GlobalSection(ExtensibilityGlobals) = postSolution
		SolutionGuid = {A2B967D8-DA4D-4DF6-BDD4-B354DE0B9BAA}
	EndGlobalSection
EndGlobal
