
Microsoft Visual Studio Solution File, Format Version 12.00
# Visual Studio Version 16
VisualStudioVersion = 16.0.30907.101
MinimumVisualStudioVersion = 10.0.40219.1
Project("{FAE04EC0-301F-11D3-BF4B-00C04F79EFBC}") = "ICrudable", "ICrudable\ICrudable.csproj", "{AF498B51-BB38-4ECE-B3C4-5676F8B80C3B}"
EndProject
Global
	GlobalSection(SolutionConfigurationPlatforms) = preSolution
		Debug|Any CPU = Debug|Any CPU
		Release|Any CPU = Release|Any CPU
	EndGlobalSection
	GlobalSection(ProjectConfigurationPlatforms) = postSolution
		{AF498B51-BB38-4ECE-B3C4-5676F8B80C3B}.Debug|Any CPU.ActiveCfg = Debug|Any CPU
		{AF498B51-BB38-4ECE-B3C4-5676F8B80C3B}.Debug|Any CPU.Build.0 = Debug|Any CPU
		{AF498B51-BB38-4ECE-B3C4-5676F8B80C3B}.Release|Any CPU.ActiveCfg = Release|Any CPU
		{AF498B51-BB38-4ECE-B3C4-5676F8B80C3B}.Release|Any CPU.Build.0 = Release|Any CPU
	EndGlobalSection
	GlobalSection(SolutionProperties) = preSolution
		HideSolutionNode = FALSE
	EndGlobalSection
	GlobalSection(ExtensibilityGlobals) = postSolution
		SolutionGuid = {AB921324-B563-42E5-80F6-AFC4E1EEAC27}
	EndGlobalSection
EndGlobal
