
Microsoft Visual Studio Solution File, Format Version 12.00
# Visual Studio Version 16
VisualStudioVersion = 16.0.30907.101
MinimumVisualStudioVersion = 10.0.40219.1
Project("{FAE04EC0-301F-11D3-BF4B-00C04F79EFBC}") = "RectanglePrintDemoApp", "RectanglePrintDemoApp\RectanglePrintDemoApp.csproj", "{7C1CBE11-2817-4BCE-A961-3DD1134C8873}"
EndProject
Global
	GlobalSection(SolutionConfigurationPlatforms) = preSolution
		Debug|Any CPU = Debug|Any CPU
		Release|Any CPU = Release|Any CPU
	EndGlobalSection
	GlobalSection(ProjectConfigurationPlatforms) = postSolution
		{7C1CBE11-2817-4BCE-A961-3DD1134C8873}.Debug|Any CPU.ActiveCfg = Debug|Any CPU
		{7C1CBE11-2817-4BCE-A961-3DD1134C8873}.Debug|Any CPU.Build.0 = Debug|Any CPU
		{7C1CBE11-2817-4BCE-A961-3DD1134C8873}.Release|Any CPU.ActiveCfg = Release|Any CPU
		{7C1CBE11-2817-4BCE-A961-3DD1134C8873}.Release|Any CPU.Build.0 = Release|Any CPU
	EndGlobalSection
	GlobalSection(SolutionProperties) = preSolution
		HideSolutionNode = FALSE
	EndGlobalSection
	GlobalSection(ExtensibilityGlobals) = postSolution
		SolutionGuid = {061743B5-1E1F-411A-AC03-AFE4D6473DA7}
	EndGlobalSection
EndGlobal
