
Microsoft Visual Studio Solution File, Format Version 12.00
# Visual Studio Version 16
VisualStudioVersion = 16.0.30907.101
MinimumVisualStudioVersion = 10.0.40219.1
Project("{FAE04EC0-301F-11D3-BF4B-00C04F79EFBC}") = "GuessGameAppUsingMain", "GuessGameAppUsingMain\GuessGameAppUsingMain.csproj", "{BA77511C-3A45-49F5-A4B9-1F71A644E41F}"
EndProject
Global
	GlobalSection(SolutionConfigurationPlatforms) = preSolution
		Debug|Any CPU = Debug|Any CPU
		Release|Any CPU = Release|Any CPU
	EndGlobalSection
	GlobalSection(ProjectConfigurationPlatforms) = postSolution
		{BA77511C-3A45-49F5-A4B9-1F71A644E41F}.Debug|Any CPU.ActiveCfg = Debug|Any CPU
		{BA77511C-3A45-49F5-A4B9-1F71A644E41F}.Debug|Any CPU.Build.0 = Debug|Any CPU
		{BA77511C-3A45-49F5-A4B9-1F71A644E41F}.Release|Any CPU.ActiveCfg = Release|Any CPU
		{BA77511C-3A45-49F5-A4B9-1F71A644E41F}.Release|Any CPU.Build.0 = Release|Any CPU
	EndGlobalSection
	GlobalSection(SolutionProperties) = preSolution
		HideSolutionNode = FALSE
	EndGlobalSection
	GlobalSection(ExtensibilityGlobals) = postSolution
		SolutionGuid = {EC9BC0DB-1516-4C28-963F-447E414A5641}
	EndGlobalSection
EndGlobal
