
Microsoft Visual Studio Solution File, Format Version 12.00
# Visual Studio Version 16
VisualStudioVersion = 16.0.30907.101
MinimumVisualStudioVersion = 10.0.40219.1
Project("{FAE04EC0-301F-11D3-BF4B-00C04F79EFBC}") = "ConstructorBehaveInheritanceApp", "ConstructorBehaveInheritanceApp\ConstructorBehaveInheritanceApp.csproj", "{43F0D7B4-CE5B-4956-8FE8-FFF2886172A1}"
EndProject
Global
	GlobalSection(SolutionConfigurationPlatforms) = preSolution
		Debug|Any CPU = Debug|Any CPU
		Release|Any CPU = Release|Any CPU
	EndGlobalSection
	GlobalSection(ProjectConfigurationPlatforms) = postSolution
		{43F0D7B4-CE5B-4956-8FE8-FFF2886172A1}.Debug|Any CPU.ActiveCfg = Debug|Any CPU
		{43F0D7B4-CE5B-4956-8FE8-FFF2886172A1}.Debug|Any CPU.Build.0 = Debug|Any CPU
		{43F0D7B4-CE5B-4956-8FE8-FFF2886172A1}.Release|Any CPU.ActiveCfg = Release|Any CPU
		{43F0D7B4-CE5B-4956-8FE8-FFF2886172A1}.Release|Any CPU.Build.0 = Release|Any CPU
	EndGlobalSection
	GlobalSection(SolutionProperties) = preSolution
		HideSolutionNode = FALSE
	EndGlobalSection
	GlobalSection(ExtensibilityGlobals) = postSolution
		SolutionGuid = {F10FC977-2A90-41D4-9123-78A41B667814}
	EndGlobalSection
EndGlobal
