
Microsoft Visual Studio Solution File, Format Version 12.00
# Visual Studio Version 16
VisualStudioVersion = 16.0.31005.135
MinimumVisualStudioVersion = 10.0.40219.1
Project("{FAE04EC0-301F-11D3-BF4B-00C04F79EFBC}") = "EmployeeMVCApp", "EmployeeMVCApp\EmployeeMVCApp.csproj", "{0A8EF5F7-E047-46A4-B906-6CF5593B8FF1}"
EndProject
Global
	GlobalSection(SolutionConfigurationPlatforms) = preSolution
		Debug|Any CPU = Debug|Any CPU
		Release|Any CPU = Release|Any CPU
	EndGlobalSection
	GlobalSection(ProjectConfigurationPlatforms) = postSolution
		{0A8EF5F7-E047-46A4-B906-6CF5593B8FF1}.Debug|Any CPU.ActiveCfg = Debug|Any CPU
		{0A8EF5F7-E047-46A4-B906-6CF5593B8FF1}.Debug|Any CPU.Build.0 = Debug|Any CPU
		{0A8EF5F7-E047-46A4-B906-6CF5593B8FF1}.Release|Any CPU.ActiveCfg = Release|Any CPU
		{0A8EF5F7-E047-46A4-B906-6CF5593B8FF1}.Release|Any CPU.Build.0 = Release|Any CPU
	EndGlobalSection
	GlobalSection(SolutionProperties) = preSolution
		HideSolutionNode = FALSE
	EndGlobalSection
	GlobalSection(ExtensibilityGlobals) = postSolution
		SolutionGuid = {2D51CB3D-8302-4E21-93AF-CCE855AD4DFE}
	EndGlobalSection
EndGlobal
