
Microsoft Visual Studio Solution File, Format Version 12.00
# Visual Studio Version 16
VisualStudioVersion = 16.0.31005.135
MinimumVisualStudioVersion = 10.0.40219.1
Project("{FAE04EC0-301F-11D3-BF4B-00C04F79EFBC}") = "TemplatePatternDemo1App", "TemplatePatternDemo1App\TemplatePatternDemo1App.csproj", "{57D7D2A1-2030-432A-85E1-CBC40A6A6C67}"
EndProject
Global
	GlobalSection(SolutionConfigurationPlatforms) = preSolution
		Debug|Any CPU = Debug|Any CPU
		Release|Any CPU = Release|Any CPU
	EndGlobalSection
	GlobalSection(ProjectConfigurationPlatforms) = postSolution
		{57D7D2A1-2030-432A-85E1-CBC40A6A6C67}.Debug|Any CPU.ActiveCfg = Debug|Any CPU
		{57D7D2A1-2030-432A-85E1-CBC40A6A6C67}.Debug|Any CPU.Build.0 = Debug|Any CPU
		{57D7D2A1-2030-432A-85E1-CBC40A6A6C67}.Release|Any CPU.ActiveCfg = Release|Any CPU
		{57D7D2A1-2030-432A-85E1-CBC40A6A6C67}.Release|Any CPU.Build.0 = Release|Any CPU
	EndGlobalSection
	GlobalSection(SolutionProperties) = preSolution
		HideSolutionNode = FALSE
	EndGlobalSection
	GlobalSection(ExtensibilityGlobals) = postSolution
		SolutionGuid = {C1507B6A-8897-480C-97E9-EF82AC8D4067}
	EndGlobalSection
EndGlobal
