
Microsoft Visual Studio Solution File, Format Version 12.00
# Visual Studio Version 16
VisualStudioVersion = 16.0.31005.135
MinimumVisualStudioVersion = 10.0.40219.1
Project("{FAE04EC0-301F-11D3-BF4B-00C04F79EFBC}") = "NinjectWebAPIDemoApp", "NinjectWebAPIDemoApp\NinjectWebAPIDemoApp.csproj", "{60A34045-E18B-44D8-BE1A-0FF571E0F976}"
EndProject
Global
	GlobalSection(SolutionConfigurationPlatforms) = preSolution
		Debug|Any CPU = Debug|Any CPU
		Release|Any CPU = Release|Any CPU
	EndGlobalSection
	GlobalSection(ProjectConfigurationPlatforms) = postSolution
		{60A34045-E18B-44D8-BE1A-0FF571E0F976}.Debug|Any CPU.ActiveCfg = Debug|Any CPU
		{60A34045-E18B-44D8-BE1A-0FF571E0F976}.Debug|Any CPU.Build.0 = Debug|Any CPU
		{60A34045-E18B-44D8-BE1A-0FF571E0F976}.Release|Any CPU.ActiveCfg = Release|Any CPU
		{60A34045-E18B-44D8-BE1A-0FF571E0F976}.Release|Any CPU.Build.0 = Release|Any CPU
	EndGlobalSection
	GlobalSection(SolutionProperties) = preSolution
		HideSolutionNode = FALSE
	EndGlobalSection
	GlobalSection(ExtensibilityGlobals) = postSolution
		SolutionGuid = {732EF674-73F4-4593-8983-312F0A4FE7C4}
	EndGlobalSection
EndGlobal
