
Microsoft Visual Studio Solution File, Format Version 12.00
# Visual Studio Version 16
VisualStudioVersion = 16.0.31005.135
MinimumVisualStudioVersion = 10.0.40219.1
Project("{FAE04EC0-301F-11D3-BF4B-00C04F79EFBC}") = "FactoryPatternDemoApp", "FactoryPatternDemoApp\FactoryPatternDemoApp.csproj", "{0C6C402B-3B27-4118-A496-BF78594DD4FB}"
EndProject
Global
	GlobalSection(SolutionConfigurationPlatforms) = preSolution
		Debug|Any CPU = Debug|Any CPU
		Release|Any CPU = Release|Any CPU
	EndGlobalSection
	GlobalSection(ProjectConfigurationPlatforms) = postSolution
		{0C6C402B-3B27-4118-A496-BF78594DD4FB}.Debug|Any CPU.ActiveCfg = Debug|Any CPU
		{0C6C402B-3B27-4118-A496-BF78594DD4FB}.Debug|Any CPU.Build.0 = Debug|Any CPU
		{0C6C402B-3B27-4118-A496-BF78594DD4FB}.Release|Any CPU.ActiveCfg = Release|Any CPU
		{0C6C402B-3B27-4118-A496-BF78594DD4FB}.Release|Any CPU.Build.0 = Release|Any CPU
	EndGlobalSection
	GlobalSection(SolutionProperties) = preSolution
		HideSolutionNode = FALSE
	EndGlobalSection
	GlobalSection(ExtensibilityGlobals) = postSolution
		SolutionGuid = {0C3D8D47-44B3-4F0C-911B-33E3B11C7E3B}
	EndGlobalSection
EndGlobal
