
Microsoft Visual Studio Solution File, Format Version 12.00
# Visual Studio Version 16
VisualStudioVersion = 16.0.31005.135
MinimumVisualStudioVersion = 10.0.40219.1
Project("{FAE04EC0-301F-11D3-BF4B-00C04F79EFBC}") = "PredefineDelegatesDemoApp", "PredefineDelegatesDemoApp\PredefineDelegatesDemoApp.csproj", "{DC4EF521-4356-40DA-ABA1-470E9048D434}"
EndProject
Global
	GlobalSection(SolutionConfigurationPlatforms) = preSolution
		Debug|Any CPU = Debug|Any CPU
		Release|Any CPU = Release|Any CPU
	EndGlobalSection
	GlobalSection(ProjectConfigurationPlatforms) = postSolution
		{DC4EF521-4356-40DA-ABA1-470E9048D434}.Debug|Any CPU.ActiveCfg = Debug|Any CPU
		{DC4EF521-4356-40DA-ABA1-470E9048D434}.Debug|Any CPU.Build.0 = Debug|Any CPU
		{DC4EF521-4356-40DA-ABA1-470E9048D434}.Release|Any CPU.ActiveCfg = Release|Any CPU
		{DC4EF521-4356-40DA-ABA1-470E9048D434}.Release|Any CPU.Build.0 = Release|Any CPU
	EndGlobalSection
	GlobalSection(SolutionProperties) = preSolution
		HideSolutionNode = FALSE
	EndGlobalSection
	GlobalSection(ExtensibilityGlobals) = postSolution
		SolutionGuid = {A126F76B-AFF1-40E9-8FB7-E42D941B772A}
	EndGlobalSection
EndGlobal
