
Microsoft Visual Studio Solution File, Format Version 12.00
# Visual Studio Version 16
VisualStudioVersion = 16.0.31005.135
MinimumVisualStudioVersion = 10.0.40219.1
Project("{FAE04EC0-301F-11D3-BF4B-00C04F79EFBC}") = "TemplatePatternDemo2App", "TemplatePatternDemo2App\TemplatePatternDemo2App.csproj", "{104DE383-C182-4E07-B2FD-03E421E30271}"
EndProject
Global
	GlobalSection(SolutionConfigurationPlatforms) = preSolution
		Debug|Any CPU = Debug|Any CPU
		Release|Any CPU = Release|Any CPU
	EndGlobalSection
	GlobalSection(ProjectConfigurationPlatforms) = postSolution
		{104DE383-C182-4E07-B2FD-03E421E30271}.Debug|Any CPU.ActiveCfg = Debug|Any CPU
		{104DE383-C182-4E07-B2FD-03E421E30271}.Debug|Any CPU.Build.0 = Debug|Any CPU
		{104DE383-C182-4E07-B2FD-03E421E30271}.Release|Any CPU.ActiveCfg = Release|Any CPU
		{104DE383-C182-4E07-B2FD-03E421E30271}.Release|Any CPU.Build.0 = Release|Any CPU
	EndGlobalSection
	GlobalSection(SolutionProperties) = preSolution
		HideSolutionNode = FALSE
	EndGlobalSection
	GlobalSection(ExtensibilityGlobals) = postSolution
		SolutionGuid = {F189162C-3920-4063-8169-3E5D01732632}
	EndGlobalSection
EndGlobal
