
Microsoft Visual Studio Solution File, Format Version 12.00
# Visual Studio Version 16
VisualStudioVersion = 16.0.30907.101
MinimumVisualStudioVersion = 10.0.40219.1
Project("{FAE04EC0-301F-11D3-BF4B-00C04F79EFBC}") = "ShoppingApp", "ShoppingApp\ShoppingApp.csproj", "{E3537D20-F993-4E0F-9B1E-42AB9A2C8769}"
EndProject
Project("{FAE04EC0-301F-11D3-BF4B-00C04F79EFBC}") = "ShoppingApp.Tests", "ShoppingApp.Tests\ShoppingApp.Tests.csproj", "{64E20904-4EDB-4DFF-BB1E-22974430EB1C}"
EndProject
Global
	GlobalSection(SolutionConfigurationPlatforms) = preSolution
		Debug|Any CPU = Debug|Any CPU
		Release|Any CPU = Release|Any CPU
	EndGlobalSection
	GlobalSection(ProjectConfigurationPlatforms) = postSolution
		{E3537D20-F993-4E0F-9B1E-42AB9A2C8769}.Debug|Any CPU.ActiveCfg = Debug|Any CPU
		{E3537D20-F993-4E0F-9B1E-42AB9A2C8769}.Debug|Any CPU.Build.0 = Debug|Any CPU
		{E3537D20-F993-4E0F-9B1E-42AB9A2C8769}.Release|Any CPU.ActiveCfg = Release|Any CPU
		{E3537D20-F993-4E0F-9B1E-42AB9A2C8769}.Release|Any CPU.Build.0 = Release|Any CPU
		{64E20904-4EDB-4DFF-BB1E-22974430EB1C}.Debug|Any CPU.ActiveCfg = Debug|Any CPU
		{64E20904-4EDB-4DFF-BB1E-22974430EB1C}.Debug|Any CPU.Build.0 = Debug|Any CPU
		{64E20904-4EDB-4DFF-BB1E-22974430EB1C}.Release|Any CPU.ActiveCfg = Release|Any CPU
		{64E20904-4EDB-4DFF-BB1E-22974430EB1C}.Release|Any CPU.Build.0 = Release|Any CPU
	EndGlobalSection
	GlobalSection(SolutionProperties) = preSolution
		HideSolutionNode = FALSE
	EndGlobalSection
	GlobalSection(ExtensibilityGlobals) = postSolution
		SolutionGuid = {4D8C27B3-25AA-4981-8B6C-977CD5641E54}
	EndGlobalSection
EndGlobal
