
Microsoft Visual Studio Solution File, Format Version 12.00
# Visual Studio Version 16
VisualStudioVersion = 16.0.30907.101
MinimumVisualStudioVersion = 10.0.40219.1
Project("{FAE04EC0-301F-11D3-BF4B-00C04F79EFBC}") = "EvenOddTest", "EvenOddTest\EvenOddTest.csproj", "{89D6B030-76F9-4E5E-9517-AAED97D15EC2}"
EndProject
Global
	GlobalSection(SolutionConfigurationPlatforms) = preSolution
		Debug|Any CPU = Debug|Any CPU
		Release|Any CPU = Release|Any CPU
	EndGlobalSection
	GlobalSection(ProjectConfigurationPlatforms) = postSolution
		{89D6B030-76F9-4E5E-9517-AAED97D15EC2}.Debug|Any CPU.ActiveCfg = Debug|Any CPU
		{89D6B030-76F9-4E5E-9517-AAED97D15EC2}.Debug|Any CPU.Build.0 = Debug|Any CPU
		{89D6B030-76F9-4E5E-9517-AAED97D15EC2}.Release|Any CPU.ActiveCfg = Release|Any CPU
		{89D6B030-76F9-4E5E-9517-AAED97D15EC2}.Release|Any CPU.Build.0 = Release|Any CPU
	EndGlobalSection
	GlobalSection(SolutionProperties) = preSolution
		HideSolutionNode = FALSE
	EndGlobalSection
	GlobalSection(ExtensibilityGlobals) = postSolution
		SolutionGuid = {4170AD30-B078-4D56-921F-23F4D7107ED3}
	EndGlobalSection
EndGlobal
