
Microsoft Visual Studio Solution File, Format Version 12.00
# Visual Studio Version 16
VisualStudioVersion = 16.0.31005.135
MinimumVisualStudioVersion = 10.0.40219.1
Project("{FAE04EC0-301F-11D3-BF4B-00C04F79EFBC}") = "EFCoreConsoleApp", "EFCoreConsoleApp.csproj", "{18F8727D-3138-44D8-A1C1-69E13EF16110}"
EndProject
Global
	GlobalSection(SolutionConfigurationPlatforms) = preSolution
		Debug|Any CPU = Debug|Any CPU
		Release|Any CPU = Release|Any CPU
	EndGlobalSection
	GlobalSection(ProjectConfigurationPlatforms) = postSolution
		{18F8727D-3138-44D8-A1C1-69E13EF16110}.Debug|Any CPU.ActiveCfg = Debug|Any CPU
		{18F8727D-3138-44D8-A1C1-69E13EF16110}.Debug|Any CPU.Build.0 = Debug|Any CPU
		{18F8727D-3138-44D8-A1C1-69E13EF16110}.Release|Any CPU.ActiveCfg = Release|Any CPU
		{18F8727D-3138-44D8-A1C1-69E13EF16110}.Release|Any CPU.Build.0 = Release|Any CPU
	EndGlobalSection
	GlobalSection(SolutionProperties) = preSolution
		HideSolutionNode = FALSE
	EndGlobalSection
	GlobalSection(ExtensibilityGlobals) = postSolution
		SolutionGuid = {AB10CAA3-AE84-422A-BCA6-D47989120502}
	EndGlobalSection
EndGlobal
