
Microsoft Visual Studio Solution File, Format Version 12.00
# Visual Studio Version 16
VisualStudioVersion = 16.0.31005.135
MinimumVisualStudioVersion = 10.0.40219.1
Project("{FAE04EC0-301F-11D3-BF4B-00C04F79EFBC}") = "OCPSolution", "OCPSolution\OCPSolution.csproj", "{9DC130C2-ED85-40F4-A49E-09CD12A09168}"
EndProject
Global
	GlobalSection(SolutionConfigurationPlatforms) = preSolution
		Debug|Any CPU = Debug|Any CPU
		Release|Any CPU = Release|Any CPU
	EndGlobalSection
	GlobalSection(ProjectConfigurationPlatforms) = postSolution
		{9DC130C2-ED85-40F4-A49E-09CD12A09168}.Debug|Any CPU.ActiveCfg = Debug|Any CPU
		{9DC130C2-ED85-40F4-A49E-09CD12A09168}.Debug|Any CPU.Build.0 = Debug|Any CPU
		{9DC130C2-ED85-40F4-A49E-09CD12A09168}.Release|Any CPU.ActiveCfg = Release|Any CPU
		{9DC130C2-ED85-40F4-A49E-09CD12A09168}.Release|Any CPU.Build.0 = Release|Any CPU
	EndGlobalSection
	GlobalSection(SolutionProperties) = preSolution
		HideSolutionNode = FALSE
	EndGlobalSection
	GlobalSection(ExtensibilityGlobals) = postSolution
		SolutionGuid = {0E6A2D3C-E96C-492E-8480-406E3004F65C}
	EndGlobalSection
EndGlobal
