
Microsoft Visual Studio Solution File, Format Version 12.00
# Visual Studio Version 16
VisualStudioVersion = 16.0.30907.101
MinimumVisualStudioVersion = 10.0.40219.1
Project("{FAE04EC0-301F-11D3-BF4B-00C04F79EFBC}") = "Welcome-App", "Welcome-App\Welcome-App.csproj", "{58E568C7-1E50-4C96-BDD3-9347349A6259}"
EndProject
Global
	GlobalSection(SolutionConfigurationPlatforms) = preSolution
		Debug|Any CPU = Debug|Any CPU
		Release|Any CPU = Release|Any CPU
	EndGlobalSection
	GlobalSection(ProjectConfigurationPlatforms) = postSolution
		{58E568C7-1E50-4C96-BDD3-9347349A6259}.Debug|Any CPU.ActiveCfg = Debug|Any CPU
		{58E568C7-1E50-4C96-BDD3-9347349A6259}.Debug|Any CPU.Build.0 = Debug|Any CPU
		{58E568C7-1E50-4C96-BDD3-9347349A6259}.Release|Any CPU.ActiveCfg = Release|Any CPU
		{58E568C7-1E50-4C96-BDD3-9347349A6259}.Release|Any CPU.Build.0 = Release|Any CPU
	EndGlobalSection
	GlobalSection(SolutionProperties) = preSolution
		HideSolutionNode = FALSE
	EndGlobalSection
	GlobalSection(ExtensibilityGlobals) = postSolution
		SolutionGuid = {D150FD55-3AE8-483A-B15E-C1B13614CA35}
	EndGlobalSection
EndGlobal
