
Microsoft Visual Studio Solution File, Format Version 12.00
# Visual Studio Version 16
VisualStudioVersion = 16.0.31005.135
MinimumVisualStudioVersion = 10.0.40219.1
Project("{FAE04EC0-301F-11D3-BF4B-00C04F79EFBC}") = "MasterPageDemoApp", "MasterPageDemoApp\MasterPageDemoApp.csproj", "{9FC7FF8E-C3D8-4FC0-A83A-2DFC03A11F23}"
EndProject
Global
	GlobalSection(SolutionConfigurationPlatforms) = preSolution
		Debug|Any CPU = Debug|Any CPU
		Release|Any CPU = Release|Any CPU
	EndGlobalSection
	GlobalSection(ProjectConfigurationPlatforms) = postSolution
		{9FC7FF8E-C3D8-4FC0-A83A-2DFC03A11F23}.Debug|Any CPU.ActiveCfg = Debug|Any CPU
		{9FC7FF8E-C3D8-4FC0-A83A-2DFC03A11F23}.Debug|Any CPU.Build.0 = Debug|Any CPU
		{9FC7FF8E-C3D8-4FC0-A83A-2DFC03A11F23}.Release|Any CPU.ActiveCfg = Release|Any CPU
		{9FC7FF8E-C3D8-4FC0-A83A-2DFC03A11F23}.Release|Any CPU.Build.0 = Release|Any CPU
	EndGlobalSection
	GlobalSection(SolutionProperties) = preSolution
		HideSolutionNode = FALSE
	EndGlobalSection
	GlobalSection(ExtensibilityGlobals) = postSolution
		SolutionGuid = {E7032EBA-CB54-462F-BAB6-07B567D479E1}
	EndGlobalSection
EndGlobal
