
Microsoft Visual Studio Solution File, Format Version 12.00
# Visual Studio Version 16
VisualStudioVersion = 16.0.30907.101
MinimumVisualStudioVersion = 10.0.40219.1
Project("{FAE04EC0-301F-11D3-BF4B-00C04F79EFBC}") = "ReadingCSVFileApp", "ReadingCSVFileApp\ReadingCSVFileApp.csproj", "{8D259BCE-D524-4A60-A084-5960B308524F}"
EndProject
Global
	GlobalSection(SolutionConfigurationPlatforms) = preSolution
		Debug|Any CPU = Debug|Any CPU
		Release|Any CPU = Release|Any CPU
	EndGlobalSection
	GlobalSection(ProjectConfigurationPlatforms) = postSolution
		{8D259BCE-D524-4A60-A084-5960B308524F}.Debug|Any CPU.ActiveCfg = Debug|Any CPU
		{8D259BCE-D524-4A60-A084-5960B308524F}.Debug|Any CPU.Build.0 = Debug|Any CPU
		{8D259BCE-D524-4A60-A084-5960B308524F}.Release|Any CPU.ActiveCfg = Release|Any CPU
		{8D259BCE-D524-4A60-A084-5960B308524F}.Release|Any CPU.Build.0 = Release|Any CPU
	EndGlobalSection
	GlobalSection(SolutionProperties) = preSolution
		HideSolutionNode = FALSE
	EndGlobalSection
	GlobalSection(ExtensibilityGlobals) = postSolution
		SolutionGuid = {26E37932-F5CF-41E8-B051-F545B9EDE5FD}
	EndGlobalSection
EndGlobal
