
Microsoft Visual Studio Solution File, Format Version 12.00
# Visual Studio Version 16
VisualStudioVersion = 16.0.31005.135
MinimumVisualStudioVersion = 10.0.40219.1
Project("{FAE04EC0-301F-11D3-BF4B-00C04F79EFBC}") = "ISPApp", "ISPApp\ISPApp.csproj", "{6FE7898E-D752-4D72-ACC2-1CEE3BBD31F5}"
EndProject
Global
	GlobalSection(SolutionConfigurationPlatforms) = preSolution
		Debug|Any CPU = Debug|Any CPU
		Release|Any CPU = Release|Any CPU
	EndGlobalSection
	GlobalSection(ProjectConfigurationPlatforms) = postSolution
		{6FE7898E-D752-4D72-ACC2-1CEE3BBD31F5}.Debug|Any CPU.ActiveCfg = Debug|Any CPU
		{6FE7898E-D752-4D72-ACC2-1CEE3BBD31F5}.Debug|Any CPU.Build.0 = Debug|Any CPU
		{6FE7898E-D752-4D72-ACC2-1CEE3BBD31F5}.Release|Any CPU.ActiveCfg = Release|Any CPU
		{6FE7898E-D752-4D72-ACC2-1CEE3BBD31F5}.Release|Any CPU.Build.0 = Release|Any CPU
	EndGlobalSection
	GlobalSection(SolutionProperties) = preSolution
		HideSolutionNode = FALSE
	EndGlobalSection
	GlobalSection(ExtensibilityGlobals) = postSolution
		SolutionGuid = {F2BE0033-2A59-43A6-B84B-9F2EF8D6F40F}
	EndGlobalSection
EndGlobal
