
Microsoft Visual Studio Solution File, Format Version 12.00
# Visual Studio Version 16
VisualStudioVersion = 16.0.30907.101
MinimumVisualStudioVersion = 10.0.40219.1
Project("{FAE04EC0-301F-11D3-BF4B-00C04F79EFBC}") = "MultiLevelInheritance", "MultiLevelInheritance\MultiLevelInheritance.csproj", "{4CC82667-C7DB-460F-81E4-17C73D499412}"
EndProject
Global
	GlobalSection(SolutionConfigurationPlatforms) = preSolution
		Debug|Any CPU = Debug|Any CPU
		Release|Any CPU = Release|Any CPU
	EndGlobalSection
	GlobalSection(ProjectConfigurationPlatforms) = postSolution
		{4CC82667-C7DB-460F-81E4-17C73D499412}.Debug|Any CPU.ActiveCfg = Debug|Any CPU
		{4CC82667-C7DB-460F-81E4-17C73D499412}.Debug|Any CPU.Build.0 = Debug|Any CPU
		{4CC82667-C7DB-460F-81E4-17C73D499412}.Release|Any CPU.ActiveCfg = Release|Any CPU
		{4CC82667-C7DB-460F-81E4-17C73D499412}.Release|Any CPU.Build.0 = Release|Any CPU
	EndGlobalSection
	GlobalSection(SolutionProperties) = preSolution
		HideSolutionNode = FALSE
	EndGlobalSection
	GlobalSection(ExtensibilityGlobals) = postSolution
		SolutionGuid = {A2FB2C2D-50A0-4869-9BA6-139880DB9446}
	EndGlobalSection
EndGlobal
