
Microsoft Visual Studio Solution File, Format Version 12.00
# Visual Studio Version 16
VisualStudioVersion = 16.0.30907.101
MinimumVisualStudioVersion = 10.0.40219.1
Project("{FAE04EC0-301F-11D3-BF4B-00C04F79EFBC}") = "EmployeeApp", "EmployeeApp\EmployeeApp.csproj", "{F3196B38-A973-48E4-85DF-6A6D470E1F62}"
EndProject
Global
	GlobalSection(SolutionConfigurationPlatforms) = preSolution
		Debug|Any CPU = Debug|Any CPU
		Release|Any CPU = Release|Any CPU
	EndGlobalSection
	GlobalSection(ProjectConfigurationPlatforms) = postSolution
		{F3196B38-A973-48E4-85DF-6A6D470E1F62}.Debug|Any CPU.ActiveCfg = Debug|Any CPU
		{F3196B38-A973-48E4-85DF-6A6D470E1F62}.Debug|Any CPU.Build.0 = Debug|Any CPU
		{F3196B38-A973-48E4-85DF-6A6D470E1F62}.Release|Any CPU.ActiveCfg = Release|Any CPU
		{F3196B38-A973-48E4-85DF-6A6D470E1F62}.Release|Any CPU.Build.0 = Release|Any CPU
	EndGlobalSection
	GlobalSection(SolutionProperties) = preSolution
		HideSolutionNode = FALSE
	EndGlobalSection
	GlobalSection(ExtensibilityGlobals) = postSolution
		SolutionGuid = {2A319852-D681-4548-A4F9-3DF8476D931A}
	EndGlobalSection
EndGlobal
