
Microsoft Visual Studio Solution File, Format Version 12.00
# Visual Studio Version 16
VisualStudioVersion = 16.0.31005.135
MinimumVisualStudioVersion = 10.0.40219.1
Project("{FAE04EC0-301F-11D3-BF4B-00C04F79EFBC}") = "StrategyPatternDemoApp", "StrategyPatternDemoApp\StrategyPatternDemoApp.csproj", "{7EFCF125-9CE3-4944-9BDC-6AA2FCC71242}"
EndProject
Global
	GlobalSection(SolutionConfigurationPlatforms) = preSolution
		Debug|Any CPU = Debug|Any CPU
		Release|Any CPU = Release|Any CPU
	EndGlobalSection
	GlobalSection(ProjectConfigurationPlatforms) = postSolution
		{7EFCF125-9CE3-4944-9BDC-6AA2FCC71242}.Debug|Any CPU.ActiveCfg = Debug|Any CPU
		{7EFCF125-9CE3-4944-9BDC-6AA2FCC71242}.Debug|Any CPU.Build.0 = Debug|Any CPU
		{7EFCF125-9CE3-4944-9BDC-6AA2FCC71242}.Release|Any CPU.ActiveCfg = Release|Any CPU
		{7EFCF125-9CE3-4944-9BDC-6AA2FCC71242}.Release|Any CPU.Build.0 = Release|Any CPU
	EndGlobalSection
	GlobalSection(SolutionProperties) = preSolution
		HideSolutionNode = FALSE
	EndGlobalSection
	GlobalSection(ExtensibilityGlobals) = postSolution
		SolutionGuid = {B8C63A43-CBD8-41B2-8EC7-225E82D09ABC}
	EndGlobalSection
EndGlobal
