
Microsoft Visual Studio Solution File, Format Version 12.00
# Visual Studio Version 16
VisualStudioVersion = 16.0.30907.101
MinimumVisualStudioVersion = 10.0.40219.1
Project("{FAE04EC0-301F-11D3-BF4B-00C04F79EFBC}") = "AccountApp", "AccountApp\AccountApp.csproj", "{B77FB7EC-87D6-4A77-944D-3AA27E46819F}"
EndProject
Global
	GlobalSection(SolutionConfigurationPlatforms) = preSolution
		Debug|Any CPU = Debug|Any CPU
		Release|Any CPU = Release|Any CPU
	EndGlobalSection
	GlobalSection(ProjectConfigurationPlatforms) = postSolution
		{B77FB7EC-87D6-4A77-944D-3AA27E46819F}.Debug|Any CPU.ActiveCfg = Debug|Any CPU
		{B77FB7EC-87D6-4A77-944D-3AA27E46819F}.Debug|Any CPU.Build.0 = Debug|Any CPU
		{B77FB7EC-87D6-4A77-944D-3AA27E46819F}.Release|Any CPU.ActiveCfg = Release|Any CPU
		{B77FB7EC-87D6-4A77-944D-3AA27E46819F}.Release|Any CPU.Build.0 = Release|Any CPU
	EndGlobalSection
	GlobalSection(SolutionProperties) = preSolution
		HideSolutionNode = FALSE
	EndGlobalSection
	GlobalSection(ExtensibilityGlobals) = postSolution
		SolutionGuid = {ED652822-FC8A-48BF-B4EA-D464E2CABA77}
	EndGlobalSection
EndGlobal
