
Microsoft Visual Studio Solution File, Format Version 12.00
# Visual Studio Version 16
VisualStudioVersion = 16.0.30907.101
MinimumVisualStudioVersion = 10.0.40219.1
Project("{FAE04EC0-301F-11D3-BF4B-00C04F79EFBC}") = "Chapter5Excercise", "Chapter5Excercise\Chapter5Excercise.csproj", "{C87385E8-E870-4634-A68F-19FB567A780C}"
EndProject
Global
	GlobalSection(SolutionConfigurationPlatforms) = preSolution
		Debug|Any CPU = Debug|Any CPU
		Release|Any CPU = Release|Any CPU
	EndGlobalSection
	GlobalSection(ProjectConfigurationPlatforms) = postSolution
		{C87385E8-E870-4634-A68F-19FB567A780C}.Debug|Any CPU.ActiveCfg = Debug|Any CPU
		{C87385E8-E870-4634-A68F-19FB567A780C}.Debug|Any CPU.Build.0 = Debug|Any CPU
		{C87385E8-E870-4634-A68F-19FB567A780C}.Release|Any CPU.ActiveCfg = Release|Any CPU
		{C87385E8-E870-4634-A68F-19FB567A780C}.Release|Any CPU.Build.0 = Release|Any CPU
	EndGlobalSection
	GlobalSection(SolutionProperties) = preSolution
		HideSolutionNode = FALSE
	EndGlobalSection
	GlobalSection(ExtensibilityGlobals) = postSolution
		SolutionGuid = {7B715125-AB2E-49DE-B3FA-7CB56DC788E4}
	EndGlobalSection
EndGlobal
