
Microsoft Visual Studio Solution File, Format Version 12.00
# Visual Studio Version 16
VisualStudioVersion = 16.0.30907.101
MinimumVisualStudioVersion = 10.0.40219.1
Project("{FAE04EC0-301F-11D3-BF4B-00C04F79EFBC}") = "Chapter4Excercise", "Chapter4Excercise\Chapter4Excercise.csproj", "{768348E7-41E4-40FB-B575-0CFB01DE19DC}"
EndProject
Global
	GlobalSection(SolutionConfigurationPlatforms) = preSolution
		Debug|Any CPU = Debug|Any CPU
		Release|Any CPU = Release|Any CPU
	EndGlobalSection
	GlobalSection(ProjectConfigurationPlatforms) = postSolution
		{768348E7-41E4-40FB-B575-0CFB01DE19DC}.Debug|Any CPU.ActiveCfg = Debug|Any CPU
		{768348E7-41E4-40FB-B575-0CFB01DE19DC}.Debug|Any CPU.Build.0 = Debug|Any CPU
		{768348E7-41E4-40FB-B575-0CFB01DE19DC}.Release|Any CPU.ActiveCfg = Release|Any CPU
		{768348E7-41E4-40FB-B575-0CFB01DE19DC}.Release|Any CPU.Build.0 = Release|Any CPU
	EndGlobalSection
	GlobalSection(SolutionProperties) = preSolution
		HideSolutionNode = FALSE
	EndGlobalSection
	GlobalSection(ExtensibilityGlobals) = postSolution
		SolutionGuid = {75F58CBC-F40A-4F15-B85B-4BA67CBF71AB}
	EndGlobalSection
EndGlobal
