
Microsoft Visual Studio Solution File, Format Version 12.00
# Visual Studio Version 16
VisualStudioVersion = 16.0.31005.135
MinimumVisualStudioVersion = 10.0.40219.1
Project("{FAE04EC0-301F-11D3-BF4B-00C04F79EFBC}") = "ISPViolation", "ISPViolation\ISPViolation.csproj", "{A74AAB69-A4ED-4DF5-8E25-6E43AA3FAB01}"
EndProject
Global
	GlobalSection(SolutionConfigurationPlatforms) = preSolution
		Debug|Any CPU = Debug|Any CPU
		Release|Any CPU = Release|Any CPU
	EndGlobalSection
	GlobalSection(ProjectConfigurationPlatforms) = postSolution
		{A74AAB69-A4ED-4DF5-8E25-6E43AA3FAB01}.Debug|Any CPU.ActiveCfg = Debug|Any CPU
		{A74AAB69-A4ED-4DF5-8E25-6E43AA3FAB01}.Debug|Any CPU.Build.0 = Debug|Any CPU
		{A74AAB69-A4ED-4DF5-8E25-6E43AA3FAB01}.Release|Any CPU.ActiveCfg = Release|Any CPU
		{A74AAB69-A4ED-4DF5-8E25-6E43AA3FAB01}.Release|Any CPU.Build.0 = Release|Any CPU
	EndGlobalSection
	GlobalSection(SolutionProperties) = preSolution
		HideSolutionNode = FALSE
	EndGlobalSection
	GlobalSection(ExtensibilityGlobals) = postSolution
		SolutionGuid = {8D831018-F301-478D-AC85-54CFFDEFE611}
	EndGlobalSection
EndGlobal
